
Microsoft Visual Studio Solution File, Format Version 12.00
# Visual Studio Version 17
VisualStudioVersion = 17.7.34221.43
MinimumVisualStudioVersion = 10.0.40219.1
Project("{FAE04EC0-301F-11D3-BF4B-00C04F79EFBC}") = "Losowanie_uczniow_JK", "Losowanie_uczniow_JK\Losowanie_uczniow_JK.csproj", "{8DDA08C7-1BC8-42C6-AD31-BFCA85503FF7}"
EndProject
Global
	GlobalSection(SolutionConfigurationPlatforms) = preSolution
		Debug|Any CPU = Debug|Any CPU
		Release|Any CPU = Release|Any CPU
	EndGlobalSection
	GlobalSection(ProjectConfigurationPlatforms) = postSolution
		{8DDA08C7-1BC8-42C6-AD31-BFCA85503FF7}.Debug|Any CPU.ActiveCfg = Debug|Any CPU
		{8DDA08C7-1BC8-42C6-AD31-BFCA85503FF7}.Debug|Any CPU.Build.0 = Debug|Any CPU
		{8DDA08C7-1BC8-42C6-AD31-BFCA85503FF7}.Debug|Any CPU.Deploy.0 = Debug|Any CPU
		{8DDA08C7-1BC8-42C6-AD31-BFCA85503FF7}.Release|Any CPU.ActiveCfg = Release|Any CPU
		{8DDA08C7-1BC8-42C6-AD31-BFCA85503FF7}.Release|Any CPU.Build.0 = Release|Any CPU
		{8DDA08C7-1BC8-42C6-AD31-BFCA85503FF7}.Release|Any CPU.Deploy.0 = Release|Any CPU
	EndGlobalSection
	GlobalSection(SolutionProperties) = preSolution
		HideSolutionNode = FALSE
	EndGlobalSection
	GlobalSection(ExtensibilityGlobals) = postSolution
		SolutionGuid = {0EF51980-F18C-427C-9AA7-C7BFB3908F66}
	EndGlobalSection
EndGlobal
